{
  "name": "let-s-get-functional.github.io",
  "lockfileVersion": 3,
  "requires": true,
  "packages": {
    "": {
      "dependencies": {
        "underbar": "^0.1.0"
      }
    },
    "node_modules/global": {
      "version": "0.1.5",
      "resolved": "https://registry.npmjs.org/global/-/global-0.1.5.tgz",
      "integrity": "sha512-4SpmrapWD60qkfWRKNIHqCFRnKv6hQii8tYzEySXEhbRBK72LdU1k/K4Ohne++hchBos8PpNyRHATODzIz/KgA=="
    },
    "node_modules/individual": {
      "version": "0.1.1",
      "resolved": "https://registry.npmjs.org/individual/-/individual-0.1.1.tgz",
      "integrity": "sha512-BcYeRN3hNYus7DXeHx9WJMA5KrqoQ5siFUCDcuI+FEq7wX7lFlcVn6PIOmByDxcbglmkmQUSWspTIpSwmYor3g==",
      "dependencies": {
        "global": "~0.1.5"
      }
    },
    "node_modules/underbar": {
      "version": "0.1.0",
      "resolved": "https://registry.npmjs.org/underbar/-/underbar-0.1.0.tgz",
      "integrity": "sha512-sLJ+yotn2pmAWNae115J2ktUrm0NdgVqbg6MH92UJOio3YRWdGlkS4dPc4jEf7pBGzWFCns9h8YXmhfDQSzCUg==",
      "dependencies": {
        "individual": "~0.1.1"
      }
    }
  }
}
